PODS:
  - Alamofire (5.4.1)
  - Kingfisher (6.2.1)
  - RxAlamofire (6.1.1):
    - RxAlamofire/Core (= 6.1.1)
  - RxAlamofire/Core (6.1.1):
    - Alamofire (~> 5.4)
    - RxSwift (~> 6.0)
  - RxSwift (6.1.0)

DEPENDENCIES:
  - Alamofire (~> 5.2)
  - Kingfisher (~> 6.0)
  - RxAlamofire

SPEC REPOS:
  trunk:
    - Alamofire
    - Kingfisher
    - RxAlamofire
    - RxSwift

SPEC CHECKSUMS:
  Alamofire: 2291f7d21ca607c491dd17642e5d40fdcda0e65c
  Kingfisher: e71c6fac2aebb1262888cabc2cb13d313362a48f
  RxAlamofire: beb75a1c452d0de225651db4903f5d29d034a620
  RxSwift: a834e5c538e89eca0cae86f403f4fbf0336786ce

PODFILE CHECKSUM: 4ff307c3c5b02dd5678c07c0b381f6ac8251465d

COCOAPODS: 1.10.1
